// !$*UTF8*$!
{
	archiveVersion = 1;
	classes = {
	};
	objectVersion = 46;
	objects = {

/* Begin PBXBuildFile section */
		572F3CE71AE33D51003F5B8D /* AppDelegate.swift in Sources */ = {isa = PBXBuildFile; fileRef = 572F3CE61AE33D51003F5B8D /* AppDelegate.swift */; };
		572F3CF01AE33D51003F5B8D /* Main.storyboard in Resources */ = {isa = PBXBuildFile; fileRef = 572F3CEE1AE33D51003F5B8D /* Main.storyboard */; };
		572F3CF21AE33D51003F5B8D /* Images.xcassets in Resources */ = {isa = PBXBuildFile; fileRef = 572F3CF11AE33D51003F5B8D /* Images.xcassets */; };
		572F3CF51AE33D51003F5B8D /* LaunchScreen.xib in Resources */ = {isa = PBXBuildFile; fileRef = 572F3CF31AE33D51003F5B8D /* LaunchScreen.xib */; };
		572F3D011AE33D51003F5B8D /* liverthboneTests.swift in Sources */ = {isa = PBXBuildFile; fileRef = 572F3D001AE33D51003F5B8D /* liverthboneTests.swift */; };
		572F3D151AE33E13003F5B8D /* LBClass.swift in Sources */ = {isa = PBXBuildFile; fileRef = 572F3D141AE33E13003F5B8D /* LBClass.swift */; };
		57D5AB661AE5C9B7005B158E /* CardData.json in Resources */ = {isa = PBXBuildFile; fileRef = 57D5AB651AE5C9B7005B158E /* CardData.json */; };
		57D5AB681AE5DFF6005B158E /* LBCardPrototype.swift in Sources */ = {isa = PBXBuildFile; fileRef = 57D5AB671AE5DFF6005B158E /* LBCardPrototype.swift */; };
		57D5AB6A1AE84CEA005B158E /* LBGameEngine.swift in Sources */ = {isa = PBXBuildFile; fileRef = 57D5AB691AE84CEA005B158E /* LBGameEngine.swift */; };
		57D5AB6C1AE855DF005B158E /* LBGameObjects.swift in Sources */ = {isa = PBXBuildFile; fileRef = 57D5AB6B1AE855DF005B158E /* LBGameObjects.swift */; };
		57D5AB6D1AE8599E005B158E /* DataLoadingTests.swift in Sources */ = {isa = PBXBuildFile; fileRef = 57D5AB621AE5C739005B158E /* DataLoadingTests.swift */; };
		57D5AB6F1AE859BA005B158E /* GameObjectsTests.swift in Sources */ = {isa = PBXBuildFile; fileRef = 57D5AB6E1AE859BA005B158E /* GameObjectsTests.swift */; };
/* End PBXBuildFile section */

/* Begin PBXContainerItemProxy section */
		572F3CFB1AE33D51003F5B8D /* PBXContainerItemProxy */ = {
			isa = PBXContainerItemProxy;
			containerPortal = 572F3CD91AE33D51003F5B8D /* Project object */;
			proxyType = 1;
			remoteGlobalIDString = 572F3CE01AE33D51003F5B8D;
			remoteInfo = liverthbone;
		};
/* End PBXContainerItemProxy section */

/* Begin PBXFileReference section */
		572F3CE11AE33D51003F5B8D /* liverthbone.app */ = {isa = PBXFileReference; explicitFileType = wrapper.application; includeInIndex = 0; path = liverthbone.app; sourceTree = BUILT_PRODUCTS_DIR; };
		572F3CE51AE33D51003F5B8D /* Info.plist */ = {isa = PBXFileReference; lastKnownFileType = text.plist.xml; path = Info.plist; sourceTree = "<group>"; };
		572F3CE61AE33D51003F5B8D /* AppDelegate.swift */ = {isa = PBXFileReference; lastKnownFileType = sourcecode.swift; path = AppDelegate.swift; sourceTree = "<group>"; };
		572F3CEA1AE33D51003F5B8D /* GameScene.swift */ = {isa = PBXFileReference; lastKnownFileType = sourcecode.swift; path = GameScene.swift; sourceTree = "<group>"; };
		572F3CEC1AE33D51003F5B8D /* GameViewController.swift */ = {isa = PBXFileReference; lastKnownFileType = sourcecode.swift; path = GameViewController.swift; sourceTree = "<group>"; };
		572F3CEF1AE33D51003F5B8D /* Base */ = {isa = PBXFileReference; lastKnownFileType = file.storyboard; name = Base; path = Base.lproj/Main.storyboard; sourceTree = "<group>"; };
		572F3CF11AE33D51003F5B8D /* Images.xcassets */ = {isa = PBXFileReference; lastKnownFileType = folder.assetcatalog; path = Images.xcassets; sourceTree = "<group>"; };
		572F3CF41AE33D51003F5B8D /* Base */ = {isa = PBXFileReference; lastKnownFileType = file.xib; name = Base; path = Base.lproj/LaunchScreen.xib; sourceTree = "<group>"; };
		572F3CFA1AE33D51003F5B8D /* liverthboneTests.xctest */ = {isa = PBXFileReference; explicitFileType = wrapper.cfbundle; includeInIndex = 0; path = liverthboneTests.xctest; sourceTree = BUILT_PRODUCTS_DIR; };
		572F3CFF1AE33D51003F5B8D /* Info.plist */ = {isa = PBXFileReference; lastKnownFileType = text.plist.xml; path = Info.plist; sourceTree = "<group>"; };
		572F3D001AE33D51003F5B8D /* liverthboneTests.swift */ = {isa = PBXFileReference; lastKnownFileType = sourcecode.swift; path = liverthboneTests.swift; sourceTree = "<group>"; };
		572F3D0C1AE33DC7003F5B8D /* LBGame.swift */ = {isa = PBXFileReference; fileEncoding = 4; lastKnownFileType = sourcecode.swift; path = LBGame.swift; sourceTree = "<group>"; };
		572F3D0E1AE33DE8003F5B8D /* LBPlayer.swift */ = {isa = PBXFileReference; fileEncoding = 4; lastKnownFileType = sourcecode.swift; path = LBPlayer.swift; sourceTree = "<group>"; };
		572F3D101AE33DF7003F5B8D /* LBCard.swift */ = {isa = PBXFileReference; fileEncoding = 4; lastKnownFileType = sourcecode.swift; path = LBCard.swift; sourceTree = "<group>"; };
		572F3D121AE33E04003F5B8D /* LBDeck.swift */ = {isa = PBXFileReference; fileEncoding = 4; lastKnownFileType = sourcecode.swift; path = LBDeck.swift; sourceTree = "<group>"; };
		572F3D141AE33E13003F5B8D /* LBClass.swift */ = {isa = PBXFileReference; fileEncoding = 4; lastKnownFileType = sourcecode.swift; path = LBClass.swift; sourceTree = "<group>"; };
		57D5AB621AE5C739005B158E /* DataLoadingTests.swift */ = {isa = PBXFileReference; fileEncoding = 4; lastKnownFileType = sourcecode.swift; path = DataLoadingTests.swift; sourceTree = "<group>"; };
		57D5AB651AE5C9B7005B158E /* CardData.json */ = {isa = PBXFileReference; fileEncoding = 4; lastKnownFileType = text.json; path = CardData.json; sourceTree = SOURCE_ROOT; };
		57D5AB671AE5DFF6005B158E /* LBCardPrototype.swift */ = {isa = PBXFileReference; fileEncoding = 4; lastKnownFileType = sourcecode.swift; path = LBCardPrototype.swift; sourceTree = "<group>"; };
		57D5AB691AE84CEA005B158E /* LBGameEngine.swift */ = {isa = PBXFileReference; fileEncoding = 4; lastKnownFileType = sourcecode.swift; path = LBGameEngine.swift; sourceTree = "<group>"; };
		57D5AB6B1AE855DF005B158E /* LBGameObjects.swift */ = {isa = PBXFileReference; fileEncoding = 4; lastKnownFileType = sourcecode.swift; path = LBGameObjects.swift; sourceTree = "<group>"; };
		57D5AB6E1AE859BA005B158E /* GameObjectsTests.swift */ = {isa = PBXFileReference; fileEncoding = 4; lastKnownFileType = sourcecode.swift; path = GameObjectsTests.swift; sourceTree = "<group>"; };
/* End PBXFileReference section */

/* Begin PBXFrameworksBuildPhase section */
		572F3CDE1AE33D51003F5B8D /* Frameworks */ = {
			isa = PBXFrameworksBuildPhase;
			buildActionMask = 2147483647;
			files = (
			);
			runOnlyForDeploymentPostprocessing = 0;
		};
		572F3CF71AE33D51003F5B8D /* Frameworks */ = {
			isa = PBXFrameworksBuildPhase;
			buildActionMask = 2147483647;
			files = (
			);
			runOnlyForDeploymentPostprocessing = 0;
		};
/* End PBXFrameworksBuildPhase section */

/* Begin PBXGroup section */
		572F3CD81AE33D51003F5B8D = {
			isa = PBXGroup;
			children = (
				572F3CE31AE33D51003F5B8D /* liverthbone */,
				572F3CFD1AE33D51003F5B8D /* liverthboneTests */,
				572F3CE21AE33D51003F5B8D /* Products */,
			);
			sourceTree = "<group>";
		};
		572F3CE21AE33D51003F5B8D /* Products */ = {
			isa = PBXGroup;
			children = (
				572F3CE11AE33D51003F5B8D /* liverthbone.app */,
				572F3CFA1AE33D51003F5B8D /* liverthboneTests.xctest */,
			);
			name = Products;
			sourceTree = "<group>";
		};
		572F3CE31AE33D51003F5B8D /* liverthbone */ = {
			isa = PBXGroup;
			children = (
				572F3D0B1AE33D93003F5B8D /* Engine */,
				572F3D0A1AE33D8C003F5B8D /* UI */,
				572F3CE61AE33D51003F5B8D /* AppDelegate.swift */,
				572F3CEA1AE33D51003F5B8D /* GameScene.swift */,
				572F3CEC1AE33D51003F5B8D /* GameViewController.swift */,
				572F3CEE1AE33D51003F5B8D /* Main.storyboard */,
				572F3CF11AE33D51003F5B8D /* Images.xcassets */,
				572F3CF31AE33D51003F5B8D /* LaunchScreen.xib */,
				572F3CE41AE33D51003F5B8D /* Supporting Files */,
			);
			path = liverthbone;
			sourceTree = "<group>";
		};
		572F3CE41AE33D51003F5B8D /* Supporting Files */ = {
			isa = PBXGroup;
			children = (
				572F3CE51AE33D51003F5B8D /* Info.plist */,
			);
			name = "Supporting Files";
			sourceTree = "<group>";
		};
		572F3CFD1AE33D51003F5B8D /* liverthboneTests */ = {
			isa = PBXGroup;
			children = (
				57D5AB641AE5C9A5005B158E /* Fixtures */,
				572F3D001AE33D51003F5B8D /* liverthboneTests.swift */,
				572F3CFE1AE33D51003F5B8D /* Supporting Files */,
				57D5AB621AE5C739005B158E /* DataLoadingTests.swift */,
				57D5AB6E1AE859BA005B158E /* GameObjectsTests.swift */,
			);
			path = liverthboneTests;
			sourceTree = "<group>";
		};
		572F3CFE1AE33D51003F5B8D /* Supporting Files */ = {
			isa = PBXGroup;
			children = (
				572F3CFF1AE33D51003F5B8D /* Info.plist */,
			);
			name = "Supporting Files";
			sourceTree = "<group>";
		};
		572F3D0A1AE33D8C003F5B8D /* UI */ = {
			isa = PBXGroup;
			children = (
			);
			name = UI;
			sourceTree = "<group>";
		};
		572F3D0B1AE33D93003F5B8D /* Engine */ = {
			isa = PBXGroup;
			children = (
				572F3D0C1AE33DC7003F5B8D /* LBGame.swift */,
				572F3D0E1AE33DE8003F5B8D /* LBPlayer.swift */,
				572F3D101AE33DF7003F5B8D /* LBCard.swift */,
				572F3D121AE33E04003F5B8D /* LBDeck.swift */,
				572F3D141AE33E13003F5B8D /* LBClass.swift */,
				57D5AB671AE5DFF6005B158E /* LBCardPrototype.swift */,
				57D5AB691AE84CEA005B158E /* LBGameEngine.swift */,
				57D5AB6B1AE855DF005B158E /* LBGameObjects.swift */,
			);
			name = Engine;
			sourceTree = "<group>";
		};
		57D5AB641AE5C9A5005B158E /* Fixtures */ = {
			isa = PBXGroup;
			children = (
				57D5AB651AE5C9B7005B158E /* CardData.json */,
			);
			name = Fixtures;
			sourceTree = "<group>";
		};
/* End PBXGroup section */

/* Begin PBXNativeTarget section */
		572F3CE01AE33D51003F5B8D /* liverthbone */ = {
			isa = PBXNativeTarget;
			buildConfigurationList = 572F3D041AE33D51003F5B8D /* Build configuration list for PBXNativeTarget "liverthbone" */;
			buildPhases = (
				572F3CDD1AE33D51003F5B8D /* Sources */,
				572F3CDE1AE33D51003F5B8D /* Frameworks */,
				572F3CDF1AE33D51003F5B8D /* Resources */,
			);
			buildRules = (
			);
			dependencies = (
			);
			name = liverthbone;
			productName = liverthbone;
			productReference = 572F3CE11AE33D51003F5B8D /* liverthbone.app */;
			productType = "com.apple.product-type.application";
		};
		572F3CF91AE33D51003F5B8D /* liverthboneTests */ = {
			isa = PBXNativeTarget;
			buildConfigurationList = 572F3D071AE33D51003F5B8D /* Build configuration list for PBXNativeTarget "liverthboneTests" */;
			buildPhases = (
				572F3CF61AE33D51003F5B8D /* Sources */,
				572F3CF71AE33D51003F5B8D /* Frameworks */,
				572F3CF81AE33D51003F5B8D /* Resources */,
			);
			buildRules = (
			);
			dependencies = (
				572F3CFC1AE33D51003F5B8D /* PBXTargetDependency */,
			);
			name = liverthboneTests;
			productName = liverthboneTests;
			productReference = 572F3CFA1AE33D51003F5B8D /* liverthboneTests.xctest */;
			productType = "com.apple.product-type.bundle.unit-test";
		};
/* End PBXNativeTarget section */

/* Begin PBXProject section */
		572F3CD91AE33D51003F5B8D /* Project object */ = {
			isa = PBXProject;
			attributes = {
				LastUpgradeCheck = 0630;
				ORGANIZATIONNAME = "Sergey Klimov";
				TargetAttributes = {
					572F3CE01AE33D51003F5B8D = {
						CreatedOnToolsVersion = 6.3;
					};
					572F3CF91AE33D51003F5B8D = {
						CreatedOnToolsVersion = 6.3;
						TestTargetID = 572F3CE01AE33D51003F5B8D;
					};
				};
			};
			buildConfigurationList = 572F3CDC1AE33D51003F5B8D /* Build configuration list for PBXProject "liverthbone" */;
			compatibilityVersion = "Xcode 3.2";
			developmentRegion = English;
			hasScannedForEncodings = 0;
			knownRegions = (
				en,
				Base,
			);
			mainGroup = 572F3CD81AE33D51003F5B8D;
			productRefGroup = 572F3CE21AE33D51003F5B8D /* Products */;
			projectDirPath = "";
			projectRoot = "";
			targets = (
				572F3CE01AE33D51003F5B8D /* liverthbone */,
				572F3CF91AE33D51003F5B8D /* liverthboneTests */,
			);
		};
/* End PBXProject section */

/* Begin PBXResourcesBuildPhase section */
		572F3CDF1AE33D51003F5B8D /* Resources */ = {
			isa = PBXResourcesBuildPhase;
			buildActionMask = 2147483647;
			files = (
				572F3CF51AE33D51003F5B8D /* LaunchScreen.xib in Resources */,
				572F3CF21AE33D51003F5B8D /* Images.xcassets in Resources */,
				572F3CF01AE33D51003F5B8D /* Main.storyboard in Resources */,
			);
			runOnlyForDeploymentPostprocessing = 0;
		};
		572F3CF81AE33D51003F5B8D /* Resources */ = {
			isa = PBXResourcesBuildPhase;
			buildActionMask = 2147483647;
			files = (
				57D5AB661AE5C9B7005B158E /* CardData.json in Resources */,
			);
			runOnlyForDeploymentPostprocessing = 0;
		};
/* End PBXResourcesBuildPhase section */

/* Begin PBXSourcesBuildPhase section */
		572F3CDD1AE33D51003F5B8D /* Sources */ = {
			isa = PBXSourcesBuildPhase;
			buildActionMask = 2147483647;
			files = (
				57D5AB681AE5DFF6005B158E /* LBCardPrototype.swift in Sources */,
				572F3CE71AE33D51003F5B8D /* AppDelegate.swift in Sources */,
				57D5AB6A1AE84CEA005B158E /* LBGameEngine.swift in Sources */,
				572F3D151AE33E13003F5B8D /* LBClass.swift in Sources */,
				57D5AB6C1AE855DF005B158E /* LBGameObjects.swift in Sources */,
			);
			runOnlyForDeploymentPostprocessing = 0;
		};
		572F3CF61AE33D51003F5B8D /* Sources */ = {
			isa = PBXSourcesBuildPhase;
			buildActionMask = 2147483647;
			files = (
				57D5AB6D1AE8599E005B158E /* DataLoadingTests.swift in Sources */,
				57D5AB6F1AE859BA005B158E /* GameObjectsTests.swift in Sources */,
				572F3D011AE33D51003F5B8D /* liverthboneTests.swift in Sources */,
			);
			runOnlyForDeploymentPostprocessing = 0;
		};
/* End PBXSourcesBuildPhase section */

/* Begin PBXTargetDependency section */
		572F3CFC1AE33D51003F5B8D /* PBXTargetDependency */ = {
			isa = PBXTargetDependency;
			target = 572F3CE01AE33D51003F5B8D /* liverthbone */;
			targetProxy = 572F3CFB1AE33D51003F5B8D /* PBXContainerItemProxy */;
		};
/* End PBXTargetDependency section */

/* Begin PBXVariantGroup section */
		572F3CEE1AE33D51003F5B8D /* Main.storyboard */ = {
			isa = PBXVariantGroup;
			children = (
				572F3CEF1AE33D51003F5B8D /* Base */,
			);
			name = Main.storyboard;
			sourceTree = "<group>";
		};
		572F3CF31AE33D51003F5B8D /* LaunchScreen.xib */ = {
			isa = PBXVariantGroup;
			children = (
				572F3CF41AE33D51003F5B8D /* Base */,
			);
			name = LaunchScreen.xib;
			sourceTree = "<group>";
		};
/* End PBXVariantGroup section */

/* Begin XCBuildConfiguration section */
		572F3D021AE33D51003F5B8D /* Debug */ = {
			isa = XCBuildConfiguration;
			buildSettings = {
				ALWAYS_SEARCH_USER_PATHS = NO;
				CLANG_CXX_LANGUAGE_STANDARD = "gnu++0x";
				CLANG_CXX_LIBRARY = "libc++";
				CLANG_ENABLE_MODULES = YES;
				CLANG_ENABLE_OBJC_ARC = YES;
				CLANG_WARN_BOOL_CONVERSION = YES;
				CLANG_WARN_CONSTANT_CONVERSION = YES;
				CLANG_WARN_DIRECT_OBJC_ISA_USAGE = YES_ERROR;
				CLANG_WARN_EMPTY_BODY = YES;
				CLANG_WARN_ENUM_CONVERSION = YES;
				CLANG_WARN_INT_CONVERSION = YES;
				CLANG_WARN_OBJC_ROOT_CLASS = YES_ERROR;
				CLANG_WARN_UNREACHABLE_CODE = YES;
				CLANG_WARN__DUPLICATE_METHOD_MATCH = YES;
				"CODE_SIGN_IDENTITY[sdk=iphoneos*]" = "iPhone Developer";
				COPY_PHASE_STRIP = NO;
				DEBUG_INFORMATION_FORMAT = "dwarf-with-dsym";
				ENABLE_STRICT_OBJC_MSGSEND = YES;
				GCC_C_LANGUAGE_STANDARD = gnu99;
				GCC_DYNAMIC_NO_PIC = NO;
				GCC_NO_COMMON_BLOCKS = YES;
				GCC_OPTIMIZATION_LEVEL = 0;
				GCC_PREPROCESSOR_DEFINITIONS = (
					"DEBUG=1",
					"$(inherited)",
				);
				GCC_SYMBOLS_PRIVATE_EXTERN = NO;
				GCC_WARN_64_TO_32_BIT_CONVERSION = YES;
				GCC_WARN_ABOUT_RETURN_TYPE = YES_ERROR;
				GCC_WARN_UNDECLARED_SELECTOR = YES;
				GCC_WARN_UNINITIALIZED_AUTOS = YES_AGGRESSIVE;
				GCC_WARN_UNUSED_FUNCTION = YES;
				GCC_WARN_UNUSED_VARIABLE = YES;
				IPHONEOS_DEPLOYMENT_TARGET = 8.3;
				MTL_ENABLE_DEBUG_INFO = YES;
				ONLY_ACTIVE_ARCH = YES;
				SDKROOT = iphoneos;
				SWIFT_OPTIMIZATION_LEVEL = "-Onone";
				TARGETED_DEVICE_FAMILY = 2;
			};
			name = Debug;
		};
		572F3D031AE33D51003F5B8D /* Release */ = {
			isa = XCBuildConfiguration;
			buildSettings = {
				ALWAYS_SEARCH_USER_PATHS = NO;
				CLANG_CXX_LANGUAGE_STANDARD = "gnu++0x";
				CLANG_CXX_LIBRARY = "libc++";
				CLANG_ENABLE_MODULES = YES;
				CLANG_ENABLE_OBJC_ARC = YES;
				CLANG_WARN_BOOL_CONVERSION = YES;
				CLANG_WARN_CONSTANT_CONVERSION = YES;
				CLANG_WARN_DIRECT_OBJC_ISA_USAGE = YES_ERROR;
				CLANG_WARN_EMPTY_BODY = YES;
				CLANG_WARN_ENUM_CONVERSION = YES;
				CLANG_WARN_INT_CONVERSION = YES;
				CLANG_WARN_OBJC_ROOT_CLASS = YES_ERROR;
				CLANG_WARN_UNREACHABLE_CODE = YES;
				CLANG_WARN__DUPLICATE_METHOD_MATCH = YES;
				"CODE_SIGN_IDENTITY[sdk=iphoneos*]" = "iPhone Developer";
				COPY_PHASE_STRIP = NO;
				DEBUG_INFORMATION_FORMAT = "dwarf-with-dsym";
				ENABLE_NS_ASSERTIONS = NO;
				ENABLE_STRICT_OBJC_MSGSEND = YES;
				GCC_C_LANGUAGE_STANDARD = gnu99;
				GCC_NO_COMMON_BLOCKS = YES;
				GCC_WARN_64_TO_32_BIT_CONVERSION = YES;
				GCC_WARN_ABOUT_RETURN_TYPE = YES_ERROR;
				GCC_WARN_UNDECLARED_SELECTOR = YES;
				GCC_WARN_UNINITIALIZED_AUTOS = YES_AGGRESSIVE;
				GCC_WARN_UNUSED_FUNCTION = YES;
				GCC_WARN_UNUSED_VARIABLE = YES;
				IPHONEOS_DEPLOYMENT_TARGET = 8.3;
				MTL_ENABLE_DEBUG_INFO = NO;
				SDKROOT = iphoneos;
				TARGETED_DEVICE_FAMILY = 2;
				VALIDATE_PRODUCT = YES;
			};
			name = Release;
		};
		572F3D051AE33D51003F5B8D /* Debug */ = {
			isa = XCBuildConfiguration;
			buildSettings = {
				ASSETCATALOG_COMPILER_APPICON_NAME = AppIcon;
				INFOPLIST_FILE = liverthbone/Info.plist;
				LD_RUNPATH_SEARCH_PATHS = "$(inherited) @executable_path/Frameworks";
				PRODUCT_NAME = "$(TARGET_NAME)";
			};
			name = Debug;
		};
		572F3D061AE33D51003F5B8D /* Release */ = {
			isa = XCBuildConfiguration;
			buildSettings = {
				ASSETCATALOG_COMPILER_APPICON_NAME = AppIcon;
				INFOPLIST_FILE = liverthbone/Info.plist;
				LD_RUNPATH_SEARCH_PATHS = "$(inherited) @executable_path/Frameworks";
				PRODUCT_NAME = "$(TARGET_NAME)";
			};
			name = Release;
		};
		572F3D081AE33D51003F5B8D /* Debug */ = {
			isa = XCBuildConfiguration;
			buildSettings = {
				BUNDLE_LOADER = "$(TEST_HOST)";
				FRAMEWORK_SEARCH_PATHS = (
					"$(SDKROOT)/Developer/Library/Frameworks",
					"$(inherited)",
				);
				GCC_PREPROCESSOR_DEFINITIONS = (
					"DEBUG=1",
					"$(inherited)",
				);
				INFOPLIST_FILE = liverthboneTests/Info.plist;
				LD_RUNPATH_SEARCH_PATHS = "$(inherited) @executable_path/Frameworks @loader_path/Frameworks";
				PRODUCT_NAME = "$(TARGET_NAME)";
				TEST_HOST = "$(BUILT_PRODUCTS_DIR)/liverthbone.app/liverthbone";
			};
			name = Debug;
		};
		572F3D091AE33D51003F5B8D /* Release */ = {
			isa = XCBuildConfiguration;
			buildSettings = {
				BUNDLE_LOADER = "$(TEST_HOST)";
				FRAMEWORK_SEARCH_PATHS = (
					"$(SDKROOT)/Developer/Library/Frameworks",
					"$(inherited)",
				);
				INFOPLIST_FILE = liverthboneTests/Info.plist;
				LD_RUNPATH_SEARCH_PATHS = "$(inherited) @executable_path/Frameworks @loader_path/Frameworks";
				PRODUCT_NAME = "$(TARGET_NAME)";
				TEST_HOST = "$(BUILT_PRODUCTS_DIR)/liverthbone.app/liverthbone";
			};
			name = Release;
		};
/* End XCBuildConfiguration section */

/* Begin XCConfigurationList section */
		572F3CDC1AE33D51003F5B8D /* Build configuration list for PBXProject "liverthbone" */ = {
			isa = XCConfigurationList;
			buildConfigurations = (
				572F3D021AE33D51003F5B8D /* Debug */,
				572F3D031AE33D51003F5B8D /* Release */,
			);
			defaultConfigurationIsVisible = 0;
			defaultConfigurationName = Release;
		};
		572F3D041AE33D51003F5B8D /* Build configuration list for PBXNativeTarget "liverthbone" */ = {
			isa = XCConfigurationList;
			buildConfigurations = (
				572F3D051AE33D51003F5B8D /* Debug */,
				572F3D061AE33D51003F5B8D /* Release */,
			);
			defaultConfigurationIsVisible = 0;
			defaultConfigurationName = Release;
		};
		572F3D071AE33D51003F5B8D /* Build configuration list for PBXNativeTarget "liverthboneTests" */ = {
			isa = XCConfigurationList;
			buildConfigurations = (
				572F3D081AE33D51003F5B8D /* Debug */,
				572F3D091AE33D51003F5B8D /* Release */,
			);
			defaultConfigurationIsVisible = 0;
			defaultConfigurationName = Release;
		};
/* End XCConfigurationList section */
	};
	rootObject = 572F3CD91AE33D51003F5B8D /* Project object */;
}
